
Microsoft Visual Studio Solution File, Format Version 12.00
# Visual Studio Version 16
VisualStudioVersion = 16.0.29519.161
MinimumVisualStudioVersion = 10.0.40219.1
Project("{FAE04EC0-301F-11D3-BF4B-00C04F79EFBC}") = "AdventOfCode", "AdventOfCode\AdventOfCode.csproj", "{A408EFA6-D4EC-40BD-AB6F-F4A02C126DCD}"
EndProject
Project("{FAE04EC0-301F-11D3-BF4B-00C04F79EFBC}") = "AdventOfCode.Tests", "AdventOfCode.Tests\AdventOfCode.Tests.csproj", "{357024D2-F3AF-49C7-9A59-876262F4B8A2}"
EndProject
Project("{FAE04EC0-301F-11D3-BF4B-00C04F79EFBC}") = "AdventOfCode.Blazor", "AdventOfCode.Blazor\AdventOfCode.Blazor.csproj", "{2167C905-3609-4424-94B9-CDA37E6493EA}"
EndProject
Global
	GlobalSection(SolutionConfigurationPlatforms) = preSolution
		Debug|Any CPU = Debug|Any CPU
		Release|Any CPU = Release|Any CPU
	EndGlobalSection
	GlobalSection(ProjectConfigurationPlatforms) = postSolution
		{A408EFA6-D4EC-40BD-AB6F-F4A02C126DCD}.Debug|Any CPU.ActiveCfg = Debug|Any CPU
		{A408EFA6-D4EC-40BD-AB6F-F4A02C126DCD}.Debug|Any CPU.Build.0 = Debug|Any CPU
		{A408EFA6-D4EC-40BD-AB6F-F4A02C126DCD}.Release|Any CPU.ActiveCfg = Release|Any CPU
		{A408EFA6-D4EC-40BD-AB6F-F4A02C126DCD}.Release|Any CPU.Build.0 = Release|Any CPU
		{357024D2-F3AF-49C7-9A59-876262F4B8A2}.Debug|Any CPU.ActiveCfg = Debug|Any CPU
		{357024D2-F3AF-49C7-9A59-876262F4B8A2}.Debug|Any CPU.Build.0 = Debug|Any CPU
		{357024D2-F3AF-49C7-9A59-876262F4B8A2}.Release|Any CPU.ActiveCfg = Release|Any CPU
		{357024D2-F3AF-49C7-9A59-876262F4B8A2}.Release|Any CPU.Build.0 = Release|Any CPU
		{2167C905-3609-4424-94B9-CDA37E6493EA}.Debug|Any CPU.ActiveCfg = Debug|Any CPU
		{2167C905-3609-4424-94B9-CDA37E6493EA}.Debug|Any CPU.Build.0 = Debug|Any CPU
		{2167C905-3609-4424-94B9-CDA37E6493EA}.Release|Any CPU.ActiveCfg = Release|Any CPU
		{2167C905-3609-4424-94B9-CDA37E6493EA}.Release|Any CPU.Build.0 = Release|Any CPU
	EndGlobalSection
	GlobalSection(SolutionProperties) = preSolution
		HideSolutionNode = FALSE
	EndGlobalSection
	GlobalSection(ExtensibilityGlobals) = postSolution
		SolutionGuid = {9291D2D4-1389-4AA1-9690-4A8619B755B3}
	EndGlobalSection
EndGlobal
